
Microsoft Visual Studio Solution File, Format Version 12.00
# Visual Studio Version 17
VisualStudioVersion = 17.3.32819.101
MinimumVisualStudioVersion = 10.0.40219.1
Project("{FAE04EC0-301F-11D3-BF4B-00C04F79EFBC}") = "SystemHelper", "SystemHelper.csproj", "{4EFF9050-528B-4E37-9B53-6D752B08B060}"
EndProject
Global
	GlobalSection(SolutionConfigurationPlatforms) = preSolution
		Debug|Any CPU = Debug|Any CPU
		Release|Any CPU = Release|Any CPU
	EndGlobalSection
	GlobalSection(ProjectConfigurationPlatforms) = postSolution
		{4EFF9050-528B-4E37-9B53-6D752B08B060}.Debug|Any CPU.ActiveCfg = Debug|Any CPU
		{4EFF9050-528B-4E37-9B53-6D752B08B060}.Debug|Any CPU.Build.0 = Debug|Any CPU
		{4EFF9050-528B-4E37-9B53-6D752B08B060}.Release|Any CPU.ActiveCfg = Release|Any CPU
		{4EFF9050-528B-4E37-9B53-6D752B08B060}.Release|Any CPU.Build.0 = Release|Any CPU
	EndGlobalSection
	GlobalSection(SolutionProperties) = preSolution
		HideSolutionNode = FALSE
	EndGlobalSection
	GlobalSection(ExtensibilityGlobals) = postSolution
		SolutionGuid = {F0C31CED-5E93-4C77-9990-EACE8CD3699D}
	EndGlobalSection
EndGlobal
